{
  "requires": true,
  "lockfileVersion": 1,
  "dependencies": {
    "@fontsource/montserrat": {
      "version": "5.0.8",
      "resolved": "https://registry.npmjs.org/@fontsource/montserrat/-/montserrat-5.0.8.tgz",
      "integrity": "sha512-bNj6wfiWXXbsxb2ffatjpX+GBv30cWZ1lwNXW9qTeX2FnzPomsGRV4HdPrf3TqyTiVqX6fLo80zrQcMi7r8+fA=="
    }
  }
}
